
Microsoft Visual Studio Solution File, Format Version 12.00
# Visual Studio Version 17
VisualStudioVersion = 17.4.33110.190
MinimumVisualStudioVersion = 10.0.40219.1
Project("{FAE04EC0-301F-11D3-BF4B-00C04F79EFBC}") = "EntityFramework", "..\EntityFramework\EntityFramework.csproj", "{A378605B-B55C-44DE-AC57-81DCE0543075}"
EndProject
Project("{FAE04EC0-301F-11D3-BF4B-00C04F79EFBC}") = "OOP2", "OOP2\OOP2.csproj", "{058A0EA8-0110-40FE-902C-2C8F706F0199}"
EndProject
Project("{FAE04EC0-301F-11D3-BF4B-00C04F79EFBC}") = "CoffeShop", "CoffeShop\CoffeShop.csproj", "{FF558057-988F-40F1-AF87-9F0BF3B38CC6}"
EndProject
Project("{FAE04EC0-301F-11D3-BF4B-00C04F79EFBC}") = "GameIntro", "GameIntro\GameIntro.csproj", "{4D174DC0-2F5F-4F45-9482-F2A5A5D2E214}"
EndProject
Global
	GlobalSection(SolutionConfigurationPlatforms) = preSolution
		Debug|Any CPU = Debug|Any CPU
		Release|Any CPU = Release|Any CPU
	EndGlobalSection
	GlobalSection(ProjectConfigurationPlatforms) = postSolution
		{A378605B-B55C-44DE-AC57-81DCE0543075}.Debug|Any CPU.ActiveCfg = Debug|Any CPU
		{A378605B-B55C-44DE-AC57-81DCE0543075}.Debug|Any CPU.Build.0 = Debug|Any CPU
		{A378605B-B55C-44DE-AC57-81DCE0543075}.Release|Any CPU.ActiveCfg = Release|Any CPU
		{A378605B-B55C-44DE-AC57-81DCE0543075}.Release|Any CPU.Build.0 = Release|Any CPU
		{058A0EA8-0110-40FE-902C-2C8F706F0199}.Debug|Any CPU.ActiveCfg = Debug|Any CPU
		{058A0EA8-0110-40FE-902C-2C8F706F0199}.Debug|Any CPU.Build.0 = Debug|Any CPU
		{058A0EA8-0110-40FE-902C-2C8F706F0199}.Release|Any CPU.ActiveCfg = Release|Any CPU
		{058A0EA8-0110-40FE-902C-2C8F706F0199}.Release|Any CPU.Build.0 = Release|Any CPU
		{FF558057-988F-40F1-AF87-9F0BF3B38CC6}.Debug|Any CPU.ActiveCfg = Debug|Any CPU
		{FF558057-988F-40F1-AF87-9F0BF3B38CC6}.Debug|Any CPU.Build.0 = Debug|Any CPU
		{FF558057-988F-40F1-AF87-9F0BF3B38CC6}.Release|Any CPU.ActiveCfg = Release|Any CPU
		{FF558057-988F-40F1-AF87-9F0BF3B38CC6}.Release|Any CPU.Build.0 = Release|Any CPU
		{4D174DC0-2F5F-4F45-9482-F2A5A5D2E214}.Debug|Any CPU.ActiveCfg = Debug|Any CPU
		{4D174DC0-2F5F-4F45-9482-F2A5A5D2E214}.Debug|Any CPU.Build.0 = Debug|Any CPU
		{4D174DC0-2F5F-4F45-9482-F2A5A5D2E214}.Release|Any CPU.ActiveCfg = Release|Any CPU
		{4D174DC0-2F5F-4F45-9482-F2A5A5D2E214}.Release|Any CPU.Build.0 = Release|Any CPU
	EndGlobalSection
	GlobalSection(SolutionProperties) = preSolution
		HideSolutionNode = FALSE
	EndGlobalSection
	GlobalSection(ExtensibilityGlobals) = postSolution
		SolutionGuid = {255A53E5-6FFB-44D3-8776-9DD86A741D58}
	EndGlobalSection
EndGlobal
